
Microsoft Visual Studio Solution File, Format Version 12.00
# Visual Studio Version 16
VisualStudioVersion = 16.0.29324.140
MinimumVisualStudioVersion = 10.0.40219.1
Project("{FAE04EC0-301F-11D3-BF4B-00C04F79EFBC}") = "Creatingpinusingcheckbox", "Creatingpinusingcheckbox\Creatingpinusingcheckbox.csproj", "{FF711934-0AD2-4D1F-9F81-01D0000410CF}"
EndProject
Global
	GlobalSection(SolutionConfigurationPlatforms) = preSolution
		Debug|Any CPU = Debug|Any CPU
		Release|Any CPU = Release|Any CPU
	EndGlobalSection
	GlobalSection(ProjectConfigurationPlatforms) = postSolution
		{FF711934-0AD2-4D1F-9F81-01D0000410CF}.Debug|Any CPU.ActiveCfg = Debug|Any CPU
		{FF711934-0AD2-4D1F-9F81-01D0000410CF}.Debug|Any CPU.Build.0 = Debug|Any CPU
		{FF711934-0AD2-4D1F-9F81-01D0000410CF}.Release|Any CPU.ActiveCfg = Release|Any CPU
		{FF711934-0AD2-4D1F-9F81-01D0000410CF}.Release|Any CPU.Build.0 = Release|Any CPU
	EndGlobalSection
	GlobalSection(SolutionProperties) = preSolution
		HideSolutionNode = FALSE
	EndGlobalSection
	GlobalSection(ExtensibilityGlobals) = postSolution
		SolutionGuid = {91276B7F-B81C-41C2-B183-5A161ACE3318}
	EndGlobalSection
EndGlobal
